
Microsoft Visual Studio Solution File, Format Version 12.00
# Visual Studio 14
VisualStudioVersion = 14.0.25420.1
MinimumVisualStudioVersion = 10.0.40219.1
Project("{8BC9CEB8-8B4A-11D0-8D11-00A0C91BC942}") = "NXSYS", "WinNX2016\WinNX2016.vcxproj", "{5E803B12-7332-4ADD-B579-9D5C56E1E759}"
EndProject
Project("{8BC9CEB8-8B4A-11D0-8D11-00A0C91BC942}") = "TLEdit", "TLEdit\TLEdit.vcxproj", "{B716C903-064B-4138-80F0-D90329C5444F}"
EndProject
Project("{8BC9CEB8-8B4A-11D0-8D11-00A0C91BC942}") = "NXCTL", "NXCTL\NXCTL.vcxproj", "{3CCD2FFC-63ED-4E73-A758-185068584479}"
EndProject
Global
	GlobalSection(SolutionConfigurationPlatforms) = preSolution
		Debug|Any CPU = Debug|Any CPU
		Debug|x64 = Debug|x64
		Debug|x86 = Debug|x86
		Release|Any CPU = Release|Any CPU
		Release|x64 = Release|x64
		Release|x86 = Release|x86
	EndGlobalSection
	GlobalSection(ProjectConfigurationPlatforms) = postSolution
		{5E803B12-7332-4ADD-B579-9D5C56E1E759}.Debug|Any CPU.ActiveCfg = Debug|Win32
		{5E803B12-7332-4ADD-B579-9D5C56E1E759}.Debug|x64.ActiveCfg = Debug|x64
		{5E803B12-7332-4ADD-B579-9D5C56E1E759}.Debug|x64.Build.0 = Debug|x64
		{5E803B12-7332-4ADD-B579-9D5C56E1E759}.Debug|x86.ActiveCfg = Debug|Win32
		{5E803B12-7332-4ADD-B579-9D5C56E1E759}.Debug|x86.Build.0 = Debug|Win32
		{5E803B12-7332-4ADD-B579-9D5C56E1E759}.Release|Any CPU.ActiveCfg = Release|Win32
		{5E803B12-7332-4ADD-B579-9D5C56E1E759}.Release|x64.ActiveCfg = Release|x64
		{5E803B12-7332-4ADD-B579-9D5C56E1E759}.Release|x64.Build.0 = Release|x64
		{5E803B12-7332-4ADD-B579-9D5C56E1E759}.Release|x86.ActiveCfg = Release|Win32
		{5E803B12-7332-4ADD-B579-9D5C56E1E759}.Release|x86.Build.0 = Release|Win32
		{B716C903-064B-4138-80F0-D90329C5444F}.Debug|Any CPU.ActiveCfg = Debug|Win32
		{B716C903-064B-4138-80F0-D90329C5444F}.Debug|x64.ActiveCfg = Debug|x64
		{B716C903-064B-4138-80F0-D90329C5444F}.Debug|x64.Build.0 = Debug|x64
		{B716C903-064B-4138-80F0-D90329C5444F}.Debug|x86.ActiveCfg = Debug|Win32
		{B716C903-064B-4138-80F0-D90329C5444F}.Debug|x86.Build.0 = Debug|Win32
		{B716C903-064B-4138-80F0-D90329C5444F}.Release|Any CPU.ActiveCfg = Release|Win32
		{B716C903-064B-4138-80F0-D90329C5444F}.Release|x64.ActiveCfg = Release|x64
		{B716C903-064B-4138-80F0-D90329C5444F}.Release|x64.Build.0 = Release|x64
		{B716C903-064B-4138-80F0-D90329C5444F}.Release|x86.ActiveCfg = Release|Win32
		{B716C903-064B-4138-80F0-D90329C5444F}.Release|x86.Build.0 = Release|Win32
		{3CCD2FFC-63ED-4E73-A758-185068584479}.Debug|Any CPU.ActiveCfg = Debug|Win32
		{3CCD2FFC-63ED-4E73-A758-185068584479}.Debug|x64.ActiveCfg = Debug|x64
		{3CCD2FFC-63ED-4E73-A758-185068584479}.Debug|x64.Build.0 = Debug|x64
		{3CCD2FFC-63ED-4E73-A758-185068584479}.Debug|x86.ActiveCfg = Debug|Win32
		{3CCD2FFC-63ED-4E73-A758-185068584479}.Debug|x86.Build.0 = Debug|Win32
		{3CCD2FFC-63ED-4E73-A758-185068584479}.Release|Any CPU.ActiveCfg = Release|Win32
		{3CCD2FFC-63ED-4E73-A758-185068584479}.Release|x64.ActiveCfg = Release|x64
		{3CCD2FFC-63ED-4E73-A758-185068584479}.Release|x64.Build.0 = Release|x64
		{3CCD2FFC-63ED-4E73-A758-185068584479}.Release|x86.ActiveCfg = Release|Win32
		{3CCD2FFC-63ED-4E73-A758-185068584479}.Release|x86.Build.0 = Release|Win32
	EndGlobalSection
	GlobalSection(SolutionProperties) = preSolution
		HideSolutionNode = FALSE
	EndGlobalSection
EndGlobal
